
Microsoft Visual Studio Solution File, Format Version 12.00
# Visual Studio 15
VisualStudioVersion = 15.0.28307.438
MinimumVisualStudioVersion = 10.0.40219.1
Project("{FAE04EC0-301F-11D3-BF4B-00C04F79EFBC}") = "AtCounter", "AtCounter\AtCounter.csproj", "{6B25271E-9B52-4FA8-90A8-E4C2C583950E}"
EndProject
Global
	GlobalSection(SolutionConfigurationPlatforms) = preSolution
		Debug|Any CPU = Debug|Any CPU
		Release|Any CPU = Release|Any CPU
	EndGlobalSection
	GlobalSection(ProjectConfigurationPlatforms) = postSolution
		{6B25271E-9B52-4FA8-90A8-E4C2C583950E}.Debug|Any CPU.ActiveCfg = Debug|Any CPU
		{6B25271E-9B52-4FA8-90A8-E4C2C583950E}.Debug|Any CPU.Build.0 = Debug|Any CPU
		{6B25271E-9B52-4FA8-90A8-E4C2C583950E}.Release|Any CPU.ActiveCfg = Release|Any CPU
		{6B25271E-9B52-4FA8-90A8-E4C2C583950E}.Release|Any CPU.Build.0 = Release|Any CPU
	EndGlobalSection
	GlobalSection(SolutionProperties) = preSolution
		HideSolutionNode = FALSE
	EndGlobalSection
	GlobalSection(ExtensibilityGlobals) = postSolution
		SolutionGuid = {1A3D6135-6880-4E79-9C7A-10658584DC7E}
	EndGlobalSection
EndGlobal
